<?xml version="1.0" encoding="utf-8"?>
<Project ToolsVersion="4.0" xmlns="http://schemas.microsoft.com/developer/msbuild/2003">
  <ItemGroup>
    <ClCompile Include="caffepro_tools.cpp" />
    <ClCompile Include="caffepro_ezentry.cpp">
      <Filter>entry</Filter>
    </ClCompile>
    <ClCompile Include="box_tester.cpp">
      <Filter>test</Filter>
    </ClCompile>
    <ClCompile Include="utils\utils.cpp">
      <Filter>utils</Filter>
    </ClCompile>
  </ItemGroup>
  <ItemGroup>
    <Filter Include="utils">
      <UniqueIdentifier>{71929d35-3085-44d2-b521-d90ae1a2c09b}</UniqueIdentifier>
    </Filter>
    <Filter Include="entry">
      <UniqueIdentifier>{f84c36ae-4d54-48f6-90bb-f1c5e3ac18bd}</UniqueIdentifier>
    </Filter>
    <Filter Include="test">
      <UniqueIdentifier>{47cf7525-6c08-4060-ac5a-c8cb7534c1f4}</UniqueIdentifier>
    </Filter>
  </ItemGroup>
  <ItemGroup>
    <ClInclude Include="caffepro_ezentry.h">
      <Filter>entry</Filter>
    </ClInclude>
    <ClInclude Include="utils\utils.h">
      <Filter>utils</Filter>
    </ClInclude>
  </ItemGroup>
</Project>